// !$*UTF8*$!
{
	archiveVersion = 1;
	classes = {
	};
	objectVersion = 56;
	objects = {

/* Begin PBXBuildFile section */
		7F01F2FC2DE0F43100217DCA /* avantgarde.ttf in Resources */ = {isa = PBXBuildFile; fileRef = 7F01F2FB2DE0F43100217DCA /* avantgarde.ttf */; };
		7F01F2FD2DE0F62200217DCA /* avantgarde.ttf in CopyFiles */ = {isa = PBXBuildFile; fileRef = 7F01F2FB2DE0F43100217DCA /* avantgarde.ttf */; };
		7F1ADC872B9A5CF700BB5A17 /* Scoreboard.swift in Sources */ = {isa = PBXBuildFile; fileRef = 7F1ADC862B9A5CF700BB5A17 /* Scoreboard.swift */; };
		7F5048332B72A5DC00898173 /* OrderView.swift in Sources */ = {isa = PBXBuildFile; fileRef = 7F5048322B72A5DC00898173 /* OrderView.swift */; };
		7F53F1802B9A2CD700984E17 /* AnimateNumberText in Frameworks */ = {isa = PBXBuildFile; productRef = 7F53F17F2B9A2CD700984E17 /* AnimateNumberText */; };
		7F55E96C2B6AC58E009594A4 /* CountryEditor.swift in Sources */ = {isa = PBXBuildFile; fileRef = 7F55E96B2B6AC58E009594A4 /* CountryEditor.swift */; };
		7F8775402DC6929A0002D241 /* highscore.wav in Resources */ = {isa = PBXBuildFile; fileRef = 7F8775392DC6929A0002D241 /* highscore.wav */; };
		7F8775412DC6929A0002D241 /* mark.wav in Resources */ = {isa = PBXBuildFile; fileRef = 7F87753B2DC6929A0002D241 /* mark.wav */; };
		7F8775422DC6929A0002D241 /* score.wav in Resources */ = {isa = PBXBuildFile; fileRef = 7F87753C2DC6929A0002D241 /* score.wav */; };
		7F8775432DC6929A0002D241 /* start.wav in Resources */ = {isa = PBXBuildFile; fileRef = 7F87753E2DC6929A0002D241 /* start.wav */; };
		7F8775442DC6929A0002D241 /* highmark.wav in Resources */ = {isa = PBXBuildFile; fileRef = 7F8775382DC6929A0002D241 /* highmark.wav */; };
		7F8775452DC6929A0002D241 /* win.wav in Resources */ = {isa = PBXBuildFile; fileRef = 7F87753F2DC6929A0002D241 /* win.wav */; };
		7F8775462DC6929A0002D241 /* sort.wav in Resources */ = {isa = PBXBuildFile; fileRef = 7F87753D2DC6929A0002D241 /* sort.wav */; };
		7F8775472DC6929A0002D241 /* leader.wav in Resources */ = {isa = PBXBuildFile; fileRef = 7F87753A2DC6929A0002D241 /* leader.wav */; };
		7F8B13F92B974D3E00AD3D62 /* AVFoundation.framework in Frameworks */ = {isa = PBXBuildFile; fileRef = 7F8B13F82B974D3E00AD3D62 /* AVFoundation.framework */; };
		7F99AE082B77CF78009F7DB8 /* Bar.swift in Sources */ = {isa = PBXBuildFile; fileRef = 7F99AE072B77CF78009F7DB8 /* Bar.swift */; };
		7FB3ED492B60DCBB009FB8A0 /* PowerScoreApp.swift in Sources */ = {isa = PBXBuildFile; fileRef = 7FB3ED482B60DCBB009FB8A0 /* PowerScoreApp.swift */; };
		7FB3ED4B2B60DCBB009FB8A0 /* ContentView.swift in Sources */ = {isa = PBXBuildFile; fileRef = 7FB3ED4A2B60DCBB009FB8A0 /* ContentView.swift */; };
		7FB3ED4F2B60DCBC009FB8A0 /* Assets.xcassets in Resources */ = {isa = PBXBuildFile; fileRef = 7FB3ED4E2B60DCBC009FB8A0 /* Assets.xcassets */; };
		7FB3ED522B60DCBC009FB8A0 /* Preview Assets.xcassets in Resources */ = {isa = PBXBuildFile; fileRef = 7FB3ED512B60DCBC009FB8A0 /* Preview Assets.xcassets */; };
		7FB3ED5A2B60DDB6009FB8A0 /* Participant.swift in Sources */ = {isa = PBXBuildFile; fileRef = 7FB3ED592B60DDB6009FB8A0 /* Participant.swift */; };
		7FB3ED5C2B60DED8009FB8A0 /* Vote.swift in Sources */ = {isa = PBXBuildFile; fileRef = 7FB3ED5B2B60DED8009FB8A0 /* Vote.swift */; };
		7FB622DA2DE21E6200AF0404 /* to_televote.wav in Resources */ = {isa = PBXBuildFile; fileRef = 7FB622D92DE21E6200AF0404 /* to_televote.wav */; };
		7FB622DB2DE21E6200AF0404 /* mark2.wav in Resources */ = {isa = PBXBuildFile; fileRef = 7FB622D72DE21E6200AF0404 /* mark2.wav */; };
		7FB622DC2DE21E6200AF0404 /* score2.wav in Resources */ = {isa = PBXBuildFile; fileRef = 7FB622D82DE21E6200AF0404 /* score2.wav */; };
		7FCA84782B73622100675CB4 /* VotingSceneView.swift in Sources */ = {isa = PBXBuildFile; fileRef = 7FCA84772B73622100675CB4 /* VotingSceneView.swift */; };
		7FCA847A2B73674000675CB4 /* ScorePanel.swift in Sources */ = {isa = PBXBuildFile; fileRef = 7FCA84792B73674000675CB4 /* ScorePanel.swift */; };
		7FCA847C2B7367C600675CB4 /* ScoreKeeper.swift in Sources */ = {isa = PBXBuildFile; fileRef = 7FCA847B2B7367C600675CB4 /* ScoreKeeper.swift */; };
		7FDABB012B66BB850079AFE7 /* Country.swift in Sources */ = {isa = PBXBuildFile; fileRef = 7FDABB002B66BB850079AFE7 /* Country.swift */; };
		7FE8D8002B7104B500ECEF9A /* VotingView.swift in Sources */ = {isa = PBXBuildFile; fileRef = 7FE8D7FF2B7104B500ECEF9A /* VotingView.swift */; };
		7FE8D8022B711E8A00ECEF9A /* CountryFlag.swift in Sources */ = {isa = PBXBuildFile; fileRef = 7FE8D8012B711E8A00ECEF9A /* CountryFlag.swift */; };
		7FF1ECDD2B70CBF30009F456 /* ParticipantEditor.swift in Sources */ = {isa = PBXBuildFile; fileRef = 7FF1ECDC2B70CBF30009F456 /* ParticipantEditor.swift */; };
		7FF1ECDF2B70D10C0009F456 /* ParticipantsView.swift in Sources */ = {isa = PBXBuildFile; fileRef = 7FF1ECDE2B70D10C0009F456 /* ParticipantsView.swift */; };
		7FF612422B650149004780A0 /* CountriesView.swift in Sources */ = {isa = PBXBuildFile; fileRef = 7FF612412B650149004780A0 /* CountriesView.swift */; };
		7FFBAE042B98D6EC006A979C /* avantgardectt_bold.ttf in CopyFiles */ = {isa = PBXBuildFile; fileRef = 7FFBAE022B98D6C2006A979C /* avantgardectt_bold.ttf */; };
/* End PBXBuildFile section */

/* Begin PBXCopyFilesBuildPhase section */
		7FFBAE032B98D6CB006A979C /* CopyFiles */ = {
			isa = PBXCopyFilesBuildPhase;
			buildActionMask = 2147483647;
			dstPath = Font;
			dstSubfolderSpec = 7;
			files = (
				7F01F2FD2DE0F62200217DCA /* avantgarde.ttf in CopyFiles */,
				7FFBAE042B98D6EC006A979C /* avantgardectt_bold.ttf in CopyFiles */,
			);
			runOnlyForDeploymentPostprocessing = 0;
		};
/* End PBXCopyFilesBuildPhase section */

/* Begin PBXFileReference section */
		7F01F2FB2DE0F43100217DCA /* avantgarde.ttf */ = {isa = PBXFileReference; lastKnownFileType = file; path = avantgarde.ttf; sourceTree = "<group>"; };
		7F1ADC862B9A5CF700BB5A17 /* Scoreboard.swift */ = {isa = PBXFileReference; lastKnownFileType = sourcecode.swift; path = Scoreboard.swift; sourceTree = "<group>"; };
		7F5048322B72A5DC00898173 /* OrderView.swift */ = {isa = PBXFileReference; lastKnownFileType = sourcecode.swift; path = OrderView.swift; sourceTree = "<group>"; };
		7F55E96B2B6AC58E009594A4 /* CountryEditor.swift */ = {isa = PBXFileReference; lastKnownFileType = sourcecode.swift; path = CountryEditor.swift; sourceTree = "<group>"; };
		7F8775382DC6929A0002D241 /* highmark.wav */ = {isa = PBXFileReference; lastKnownFileType = audio.wav; path = highmark.wav; sourceTree = "<group>"; };
		7F8775392DC6929A0002D241 /* highscore.wav */ = {isa = PBXFileReference; lastKnownFileType = audio.wav; path = highscore.wav; sourceTree = "<group>"; };
		7F87753A2DC6929A0002D241 /* leader.wav */ = {isa = PBXFileReference; lastKnownFileType = audio.wav; path = leader.wav; sourceTree = "<group>"; };
		7F87753B2DC6929A0002D241 /* mark.wav */ = {isa = PBXFileReference; lastKnownFileType = audio.wav; path = mark.wav; sourceTree = "<group>"; };
		7F87753C2DC6929A0002D241 /* score.wav */ = {isa = PBXFileReference; lastKnownFileType = audio.wav; path = score.wav; sourceTree = "<group>"; };
		7F87753D2DC6929A0002D241 /* sort.wav */ = {isa = PBXFileReference; lastKnownFileType = audio.wav; path = sort.wav; sourceTree = "<group>"; };
		7F87753E2DC6929A0002D241 /* start.wav */ = {isa = PBXFileReference; lastKnownFileType = audio.wav; path = start.wav; sourceTree = "<group>"; };
		7F87753F2DC6929A0002D241 /* win.wav */ = {isa = PBXFileReference; lastKnownFileType = audio.wav; path = win.wav; sourceTree = "<group>"; };
		7F8B13F82B974D3E00AD3D62 /* AVFoundation.framework */ = {isa = PBXFileReference; lastKnownFileType = wrapper.framework; name = AVFoundation.framework; path = System/Library/Frameworks/AVFoundation.framework; sourceTree = SDKROOT; };
		7F99AE072B77CF78009F7DB8 /* Bar.swift */ = {isa = PBXFileReference; lastKnownFileType = sourcecode.swift; path = Bar.swift; sourceTree = "<group>"; };
		7FB3ED452B60DCBB009FB8A0 /* PowerScore.app */ = {isa = PBXFileReference; explicitFileType = wrapper.application; includeInIndex = 0; path = PowerScore.app; sourceTree = BUILT_PRODUCTS_DIR; };
		7FB3ED482B60DCBB009FB8A0 /* PowerScoreApp.swift */ = {isa = PBXFileReference; lastKnownFileType = sourcecode.swift; path = PowerScoreApp.swift; sourceTree = "<group>"; };
		7FB3ED4A2B60DCBB009FB8A0 /* ContentView.swift */ = {isa = PBXFileReference; lastKnownFileType = sourcecode.swift; path = ContentView.swift; sourceTree = "<group>"; };
		7FB3ED4E2B60DCBC009FB8A0 /* Assets.xcassets */ = {isa = PBXFileReference; lastKnownFileType = folder.assetcatalog; path = Assets.xcassets; sourceTree = "<group>"; };
		7FB3ED512B60DCBC009FB8A0 /* Preview Assets.xcassets */ = {isa = PBXFileReference; lastKnownFileType = folder.assetcatalog; path = "Preview Assets.xcassets"; sourceTree = "<group>"; };
		7FB3ED532B60DCBC009FB8A0 /* PowerScore.entitlements */ = {isa = PBXFileReference; lastKnownFileType = text.plist.entitlements; path = PowerScore.entitlements; sourceTree = "<group>"; };
		7FB3ED592B60DDB6009FB8A0 /* Participant.swift */ = {isa = PBXFileReference; lastKnownFileType = sourcecode.swift; path = Participant.swift; sourceTree = "<group>"; };
		7FB3ED5B2B60DED8009FB8A0 /* Vote.swift */ = {isa = PBXFileReference; lastKnownFileType = sourcecode.swift; path = Vote.swift; sourceTree = "<group>"; };
		7FB622D72DE21E6200AF0404 /* mark2.wav */ = {isa = PBXFileReference; lastKnownFileType = audio.wav; path = mark2.wav; sourceTree = "<group>"; };
		7FB622D82DE21E6200AF0404 /* score2.wav */ = {isa = PBXFileReference; lastKnownFileType = audio.wav; path = score2.wav; sourceTree = "<group>"; };
		7FB622D92DE21E6200AF0404 /* to_televote.wav */ = {isa = PBXFileReference; lastKnownFileType = audio.wav; path = to_televote.wav; sourceTree = "<group>"; };
		7FCA84772B73622100675CB4 /* VotingSceneView.swift */ = {isa = PBXFileReference; lastKnownFileType = sourcecode.swift; path = VotingSceneView.swift; sourceTree = "<group>"; };
		7FCA84792B73674000675CB4 /* ScorePanel.swift */ = {isa = PBXFileReference; lastKnownFileType = sourcecode.swift; path = ScorePanel.swift; sourceTree = "<group>"; };
		7FCA847B2B7367C600675CB4 /* ScoreKeeper.swift */ = {isa = PBXFileReference; lastKnownFileType = sourcecode.swift; path = ScoreKeeper.swift; sourceTree = "<group>"; };
		7FDABB002B66BB850079AFE7 /* Country.swift */ = {isa = PBXFileReference; lastKnownFileType = sourcecode.swift; path = Country.swift; sourceTree = "<group>"; };
		7FE8D7FF2B7104B500ECEF9A /* VotingView.swift */ = {isa = PBXFileReference; lastKnownFileType = sourcecode.swift; path = VotingView.swift; sourceTree = "<group>"; };
		7FE8D8012B711E8A00ECEF9A /* CountryFlag.swift */ = {isa = PBXFileReference; lastKnownFileType = sourcecode.swift; path = CountryFlag.swift; sourceTree = "<group>"; };
		7FED94C22B7567B300F49D45 /* Info.plist */ = {isa = PBXFileReference; lastKnownFileType = text.plist; path = Info.plist; sourceTree = "<group>"; };
		7FF1ECDC2B70CBF30009F456 /* ParticipantEditor.swift */ = {isa = PBXFileReference; lastKnownFileType = sourcecode.swift; path = ParticipantEditor.swift; sourceTree = "<group>"; };
		7FF1ECDE2B70D10C0009F456 /* ParticipantsView.swift */ = {isa = PBXFileReference; lastKnownFileType = sourcecode.swift; path = ParticipantsView.swift; sourceTree = "<group>"; };
		7FF612412B650149004780A0 /* CountriesView.swift */ = {isa = PBXFileReference; lastKnownFileType = sourcecode.swift; path = CountriesView.swift; sourceTree = "<group>"; };
		7FFBAE022B98D6C2006A979C /* avantgardectt_bold.ttf */ = {isa = PBXFileReference; lastKnownFileType = file; path = avantgardectt_bold.ttf; sourceTree = "<group>"; };
/* End PBXFileReference section */

/* Begin PBXFrameworksBuildPhase section */
		7FB3ED422B60DCBB009FB8A0 /* Frameworks */ = {
			isa = PBXFrameworksBuildPhase;
			buildActionMask = 2147483647;
			files = (
				7F53F1802B9A2CD700984E17 /* AnimateNumberText in Frameworks */,
				7F8B13F92B974D3E00AD3D62 /* AVFoundation.framework in Frameworks */,
			);
			runOnlyForDeploymentPostprocessing = 0;
		};
/* End PBXFrameworksBuildPhase section */

/* Begin PBXGroup section */
		7F8B13F72B974D3E00AD3D62 /* Frameworks */ = {
			isa = PBXGroup;
			children = (
				7F8B13F82B974D3E00AD3D62 /* AVFoundation.framework */,
			);
			name = Frameworks;
			sourceTree = "<group>";
		};
		7F9D34112B77EF6100F81BB2 /* Font */ = {
			isa = PBXGroup;
			children = (
				7F01F2FB2DE0F43100217DCA /* avantgarde.ttf */,
				7FFBAE022B98D6C2006A979C /* avantgardectt_bold.ttf */,
			);
			path = Font;
			sourceTree = "<group>";
		};
		7FB3ED3C2B60DCBB009FB8A0 = {
			isa = PBXGroup;
			children = (
				7FB3ED472B60DCBB009FB8A0 /* PowerScore */,
				7FB3ED462B60DCBB009FB8A0 /* Products */,
				7F8B13F72B974D3E00AD3D62 /* Frameworks */,
			);
			sourceTree = "<group>";
		};
		7FB3ED462B60DCBB009FB8A0 /* Products */ = {
			isa = PBXGroup;
			children = (
				7FB3ED452B60DCBB009FB8A0 /* PowerScore.app */,
			);
			name = Products;
			sourceTree = "<group>";
		};
		7FB3ED472B60DCBB009FB8A0 /* PowerScore */ = {
			isa = PBXGroup;
			children = (
				7FFBAE052B98E6CE006A979C /* Music */,
				7F9D34112B77EF6100F81BB2 /* Font */,
				7FED94C22B7567B300F49D45 /* Info.plist */,
				7FE8D8032B71208A00ECEF9A /* Models */,
				7FB3ED482B60DCBB009FB8A0 /* PowerScoreApp.swift */,
				7FB3ED4A2B60DCBB009FB8A0 /* ContentView.swift */,
				7FB3ED4E2B60DCBC009FB8A0 /* Assets.xcassets */,
				7FB3ED532B60DCBC009FB8A0 /* PowerScore.entitlements */,
				7FB3ED502B60DCBC009FB8A0 /* Preview Content */,
				7FF612412B650149004780A0 /* CountriesView.swift */,
				7F55E96B2B6AC58E009594A4 /* CountryEditor.swift */,
				7FF1ECDC2B70CBF30009F456 /* ParticipantEditor.swift */,
				7FF1ECDE2B70D10C0009F456 /* ParticipantsView.swift */,
				7FE8D7FF2B7104B500ECEF9A /* VotingView.swift */,
				7F5048322B72A5DC00898173 /* OrderView.swift */,
				7FE8D8012B711E8A00ECEF9A /* CountryFlag.swift */,
				7FCA84772B73622100675CB4 /* VotingSceneView.swift */,
				7FCA84792B73674000675CB4 /* ScorePanel.swift */,
				7F99AE072B77CF78009F7DB8 /* Bar.swift */,
			);
			path = PowerScore;
			sourceTree = "<group>";
		};
		7FB3ED502B60DCBC009FB8A0 /* Preview Content */ = {
			isa = PBXGroup;
			children = (
				7FB3ED512B60DCBC009FB8A0 /* Preview Assets.xcassets */,
			);
			path = "Preview Content";
			sourceTree = "<group>";
		};
		7FE8D8032B71208A00ECEF9A /* Models */ = {
			isa = PBXGroup;
			children = (
				7FCA847B2B7367C600675CB4 /* ScoreKeeper.swift */,
				7FDABB002B66BB850079AFE7 /* Country.swift */,
				7FB3ED592B60DDB6009FB8A0 /* Participant.swift */,
				7FB3ED5B2B60DED8009FB8A0 /* Vote.swift */,
				7F1ADC862B9A5CF700BB5A17 /* Scoreboard.swift */,
			);
			path = Models;
			sourceTree = "<group>";
		};
		7FFBAE052B98E6CE006A979C /* Music */ = {
			isa = PBXGroup;
			children = (
				7FB622D72DE21E6200AF0404 /* mark2.wav */,
				7FB622D82DE21E6200AF0404 /* score2.wav */,
				7FB622D92DE21E6200AF0404 /* to_televote.wav */,
				7F8775382DC6929A0002D241 /* highmark.wav */,
				7F8775392DC6929A0002D241 /* highscore.wav */,
				7F87753A2DC6929A0002D241 /* leader.wav */,
				7F87753B2DC6929A0002D241 /* mark.wav */,
				7F87753C2DC6929A0002D241 /* score.wav */,
				7F87753D2DC6929A0002D241 /* sort.wav */,
				7F87753E2DC6929A0002D241 /* start.wav */,
				7F87753F2DC6929A0002D241 /* win.wav */,
			);
			path = Music;
			sourceTree = "<group>";
		};
/* End PBXGroup section */

/* Begin PBXNativeTarget section */
		7FB3ED442B60DCBB009FB8A0 /* PowerScore */ = {
			isa = PBXNativeTarget;
			buildConfigurationList = 7FB3ED562B60DCBC009FB8A0 /* Build configuration list for PBXNativeTarget "PowerScore" */;
			buildPhases = (
				7FB3ED412B60DCBB009FB8A0 /* Sources */,
				7FB3ED422B60DCBB009FB8A0 /* Frameworks */,
				7FB3ED432B60DCBB009FB8A0 /* Resources */,
				7FFBAE032B98D6CB006A979C /* CopyFiles */,
			);
			buildRules = (
			);
			dependencies = (
			);
			name = PowerScore;
			packageProductDependencies = (
				7F53F17F2B9A2CD700984E17 /* AnimateNumberText */,
			);
			productName = PowerScore;
			productReference = 7FB3ED452B60DCBB009FB8A0 /* PowerScore.app */;
			productType = "com.apple.product-type.application";
		};
/* End PBXNativeTarget section */

/* Begin PBXProject section */
		7FB3ED3D2B60DCBB009FB8A0 /* Project object */ = {
			isa = PBXProject;
			attributes = {
				BuildIndependentTargetsInParallel = 1;
				LastSwiftUpdateCheck = 1520;
				LastUpgradeCheck = 1530;
				TargetAttributes = {
					7FB3ED442B60DCBB009FB8A0 = {
						CreatedOnToolsVersion = 15.2;
					};
				};
			};
			buildConfigurationList = 7FB3ED402B60DCBB009FB8A0 /* Build configuration list for PBXProject "PowerScore" */;
			compatibilityVersion = "Xcode 14.0";
			developmentRegion = en;
			hasScannedForEncodings = 0;
			knownRegions = (
				en,
				Base,
			);
			mainGroup = 7FB3ED3C2B60DCBB009FB8A0;
			packageReferences = (
				7F25EE562B8A53760042FA93 /* XCRemoteSwiftPackageReference "AnimateNumberText" */,
			);
			productRefGroup = 7FB3ED462B60DCBB009FB8A0 /* Products */;
			projectDirPath = "";
			projectRoot = "";
			targets = (
				7FB3ED442B60DCBB009FB8A0 /* PowerScore */,
			);
		};
/* End PBXProject section */

/* Begin PBXResourcesBuildPhase section */
		7FB3ED432B60DCBB009FB8A0 /* Resources */ = {
			isa = PBXResourcesBuildPhase;
			buildActionMask = 2147483647;
			files = (
				7F8775402DC6929A0002D241 /* highscore.wav in Resources */,
				7F8775412DC6929A0002D241 /* mark.wav in Resources */,
				7F8775422DC6929A0002D241 /* score.wav in Resources */,
				7F8775432DC6929A0002D241 /* start.wav in Resources */,
				7F8775442DC6929A0002D241 /* highmark.wav in Resources */,
				7F8775452DC6929A0002D241 /* win.wav in Resources */,
				7F01F2FC2DE0F43100217DCA /* avantgarde.ttf in Resources */,
				7F8775462DC6929A0002D241 /* sort.wav in Resources */,
				7F8775472DC6929A0002D241 /* leader.wav in Resources */,
				7FB3ED522B60DCBC009FB8A0 /* Preview Assets.xcassets in Resources */,
				7FB3ED4F2B60DCBC009FB8A0 /* Assets.xcassets in Resources */,
				7FB622DA2DE21E6200AF0404 /* to_televote.wav in Resources */,
				7FB622DB2DE21E6200AF0404 /* mark2.wav in Resources */,
				7FB622DC2DE21E6200AF0404 /* score2.wav in Resources */,
			);
			runOnlyForDeploymentPostprocessing = 0;
		};
/* End PBXResourcesBuildPhase section */

/* Begin PBXSourcesBuildPhase section */
		7FB3ED412B60DCBB009FB8A0 /* Sources */ = {
			isa = PBXSourcesBuildPhase;
			buildActionMask = 2147483647;
			files = (
				7FB3ED4B2B60DCBB009FB8A0 /* ContentView.swift in Sources */,
				7FB3ED5C2B60DED8009FB8A0 /* Vote.swift in Sources */,
				7FDABB012B66BB850079AFE7 /* Country.swift in Sources */,
				7FCA847C2B7367C600675CB4 /* ScoreKeeper.swift in Sources */,
				7FCA84782B73622100675CB4 /* VotingSceneView.swift in Sources */,
				7FB3ED492B60DCBB009FB8A0 /* PowerScoreApp.swift in Sources */,
				7FF612422B650149004780A0 /* CountriesView.swift in Sources */,
				7FF1ECDF2B70D10C0009F456 /* ParticipantsView.swift in Sources */,
				7F1ADC872B9A5CF700BB5A17 /* Scoreboard.swift in Sources */,
				7FE8D8002B7104B500ECEF9A /* VotingView.swift in Sources */,
				7FB3ED5A2B60DDB6009FB8A0 /* Participant.swift in Sources */,
				7FF1ECDD2B70CBF30009F456 /* ParticipantEditor.swift in Sources */,
				7FCA847A2B73674000675CB4 /* ScorePanel.swift in Sources */,
				7F5048332B72A5DC00898173 /* OrderView.swift in Sources */,
				7F99AE082B77CF78009F7DB8 /* Bar.swift in Sources */,
				7FE8D8022B711E8A00ECEF9A /* CountryFlag.swift in Sources */,
				7F55E96C2B6AC58E009594A4 /* CountryEditor.swift in Sources */,
			);
			runOnlyForDeploymentPostprocessing = 0;
		};
/* End PBXSourcesBuildPhase section */

/* Begin XCBuildConfiguration section */
		7FB3ED542B60DCBC009FB8A0 /* Debug */ = {
			isa = XCBuildConfiguration;
			buildSettings = {
				ALWAYS_SEARCH_USER_PATHS = NO;
				ASSETCATALOG_COMPILER_GENERATE_SWIFT_ASSET_SYMBOL_EXTENSIONS = YES;
				CLANG_ANALYZER_NONNULL = YES;
				CLANG_ANALYZER_NUMBER_OBJECT_CONVERSION = YES_AGGRESSIVE;
				CLANG_CXX_LANGUAGE_STANDARD = "gnu++20";
				CLANG_ENABLE_MODULES = YES;
				CLANG_ENABLE_OBJC_ARC = YES;
				CLANG_ENABLE_OBJC_WEAK = YES;
				CLANG_WARN_BLOCK_CAPTURE_AUTORELEASING = YES;
				CLANG_WARN_BOOL_CONVERSION = YES;
				CLANG_WARN_COMMA = YES;
				CLANG_WARN_CONSTANT_CONVERSION = YES;
				CLANG_WARN_DEPRECATED_OBJC_IMPLEMENTATIONS = YES;
				CLANG_WARN_DIRECT_OBJC_ISA_USAGE = YES_ERROR;
				CLANG_WARN_DOCUMENTATION_COMMENTS = YES;
				CLANG_WARN_EMPTY_BODY = YES;
				CLANG_WARN_ENUM_CONVERSION = YES;
				CLANG_WARN_INFINITE_RECURSION = YES;
				CLANG_WARN_INT_CONVERSION = YES;
				CLANG_WARN_NON_LITERAL_NULL_CONVERSION = YES;
				CLANG_WARN_OBJC_IMPLICIT_RETAIN_SELF = YES;
				CLANG_WARN_OBJC_LITERAL_CONVERSION = YES;
				CLANG_WARN_OBJC_ROOT_CLASS = YES_ERROR;
				CLANG_WARN_QUOTED_INCLUDE_IN_FRAMEWORK_HEADER = YES;
				CLANG_WARN_RANGE_LOOP_ANALYSIS = YES;
				CLANG_WARN_STRICT_PROTOTYPES = YES;
				CLANG_WARN_SUSPICIOUS_MOVE = YES;
				CLANG_WARN_UNGUARDED_AVAILABILITY = YES_AGGRESSIVE;
				CLANG_WARN_UNREACHABLE_CODE = YES;
				CLANG_WARN__DUPLICATE_METHOD_MATCH = YES;
				COPY_PHASE_STRIP = NO;
				DEAD_CODE_STRIPPING = YES;
				DEBUG_INFORMATION_FORMAT = dwarf;
				ENABLE_STRICT_OBJC_MSGSEND = YES;
				ENABLE_TESTABILITY = YES;
				ENABLE_USER_SCRIPT_SANDBOXING = YES;
				GCC_C_LANGUAGE_STANDARD = gnu17;
				GCC_DYNAMIC_NO_PIC = NO;
				GCC_NO_COMMON_BLOCKS = YES;
				GCC_OPTIMIZATION_LEVEL = 0;
				GCC_PREPROCESSOR_DEFINITIONS = (
					"DEBUG=1",
					"$(inherited)",
				);
				GCC_WARN_64_TO_32_BIT_CONVERSION = YES;
				GCC_WARN_ABOUT_RETURN_TYPE = YES_ERROR;
				GCC_WARN_UNDECLARED_SELECTOR = YES;
				GCC_WARN_UNINITIALIZED_AUTOS = YES_AGGRESSIVE;
				GCC_WARN_UNUSED_FUNCTION = YES;
				GCC_WARN_UNUSED_VARIABLE = YES;
				LOCALIZATION_PREFERS_STRING_CATALOGS = YES;
				MACOSX_DEPLOYMENT_TARGET = 14.2;
				MTL_ENABLE_DEBUG_INFO = INCLUDE_SOURCE;
				MTL_FAST_MATH = YES;
				ONLY_ACTIVE_ARCH = YES;
				SDKROOT = macosx;
				SWIFT_ACTIVE_COMPILATION_CONDITIONS = "DEBUG $(inherited)";
				SWIFT_OPTIMIZATION_LEVEL = "-Onone";
			};
			name = Debug;
		};
		7FB3ED552B60DCBC009FB8A0 /* Release */ = {
			isa = XCBuildConfiguration;
			buildSettings = {
				ALWAYS_SEARCH_USER_PATHS = NO;
				ASSETCATALOG_COMPILER_GENERATE_SWIFT_ASSET_SYMBOL_EXTENSIONS = YES;
				CLANG_ANALYZER_NONNULL = YES;
				CLANG_ANALYZER_NUMBER_OBJECT_CONVERSION = YES_AGGRESSIVE;
				CLANG_CXX_LANGUAGE_STANDARD = "gnu++20";
				CLANG_ENABLE_MODULES = YES;
				CLANG_ENABLE_OBJC_ARC = YES;
				CLANG_ENABLE_OBJC_WEAK = YES;
				CLANG_WARN_BLOCK_CAPTURE_AUTORELEASING = YES;
				CLANG_WARN_BOOL_CONVERSION = YES;
				CLANG_WARN_COMMA = YES;
				CLANG_WARN_CONSTANT_CONVERSION = YES;
				CLANG_WARN_DEPRECATED_OBJC_IMPLEMENTATIONS = YES;
				CLANG_WARN_DIRECT_OBJC_ISA_USAGE = YES_ERROR;
				CLANG_WARN_DOCUMENTATION_COMMENTS = YES;
				CLANG_WARN_EMPTY_BODY = YES;
				CLANG_WARN_ENUM_CONVERSION = YES;
				CLANG_WARN_INFINITE_RECURSION = YES;
				CLANG_WARN_INT_CONVERSION = YES;
				CLANG_WARN_NON_LITERAL_NULL_CONVERSION = YES;
				CLANG_WARN_OBJC_IMPLICIT_RETAIN_SELF = YES;
				CLANG_WARN_OBJC_LITERAL_CONVERSION = YES;
				CLANG_WARN_OBJC_ROOT_CLASS = YES_ERROR;
				CLANG_WARN_QUOTED_INCLUDE_IN_FRAMEWORK_HEADER = YES;
				CLANG_WARN_RANGE_LOOP_ANALYSIS = YES;
				CLANG_WARN_STRICT_PROTOTYPES = YES;
				CLANG_WARN_SUSPICIOUS_MOVE = YES;
				CLANG_WARN_UNGUARDED_AVAILABILITY = YES_AGGRESSIVE;
				CLANG_WARN_UNREACHABLE_CODE = YES;
				CLANG_WARN__DUPLICATE_METHOD_MATCH = YES;
				COPY_PHASE_STRIP = NO;
				DEAD_CODE_STRIPPING = YES;
				DEBUG_INFORMATION_FORMAT = "dwarf-with-dsym";
				ENABLE_NS_ASSERTIONS = NO;
				ENABLE_STRICT_OBJC_MSGSEND = YES;
				ENABLE_USER_SCRIPT_SANDBOXING = YES;
				GCC_C_LANGUAGE_STANDARD = gnu17;
				GCC_NO_COMMON_BLOCKS = YES;
				GCC_WARN_64_TO_32_BIT_CONVERSION = YES;
				GCC_WARN_ABOUT_RETURN_TYPE = YES_ERROR;
				GCC_WARN_UNDECLARED_SELECTOR = YES;
				GCC_WARN_UNINITIALIZED_AUTOS = YES_AGGRESSIVE;
				GCC_WARN_UNUSED_FUNCTION = YES;
				GCC_WARN_UNUSED_VARIABLE = YES;
				LOCALIZATION_PREFERS_STRING_CATALOGS = YES;
				MACOSX_DEPLOYMENT_TARGET = 14.2;
				MTL_ENABLE_DEBUG_INFO = NO;
				MTL_FAST_MATH = YES;
				SDKROOT = macosx;
				SWIFT_COMPILATION_MODE = wholemodule;
			};
			name = Release;
		};
		7FB3ED572B60DCBC009FB8A0 /* Debug */ = {
			isa = XCBuildConfiguration;
			buildSettings = {
				ASSETCATALOG_COMPILER_APPICON_NAME = AppIcon;
				ASSETCATALOG_COMPILER_GLOBAL_ACCENT_COLOR_NAME = AccentColor;
				ASSETCATALOG_COMPILER_INCLUDE_ALL_APPICON_ASSETS = YES;
				CODE_SIGN_ENTITLEMENTS = PowerScore/PowerScore.entitlements;
				CODE_SIGN_STYLE = Automatic;
				COMBINE_HIDPI_IMAGES = YES;
				CURRENT_PROJECT_VERSION = 1;
				DEAD_CODE_STRIPPING = YES;
				DEVELOPMENT_ASSET_PATHS = "\"PowerScore/Preview Content\"";
				DEVELOPMENT_TEAM = PB77JD4FUV;
				ENABLE_HARDENED_RUNTIME = YES;
				ENABLE_PREVIEWS = YES;
				GENERATE_INFOPLIST_FILE = YES;
				INFOPLIST_FILE = PowerScore/Info.plist;
				INFOPLIST_KEY_CFBundleDisplayName = "Okså";
				INFOPLIST_KEY_LSApplicationCategoryType = "public.app-category.entertainment";
				INFOPLIST_KEY_NSHumanReadableCopyright = "";
				LD_RUNPATH_SEARCH_PATHS = (
					"$(inherited)",
					"@executable_path/../Frameworks",
				);
				MACOSX_DEPLOYMENT_TARGET = 15.0;
				MARKETING_VERSION = 0.3;
				PRODUCT_BUNDLE_IDENTIFIER = Shalyutov.PowerScore;
				PRODUCT_NAME = "$(TARGET_NAME)";
				SWIFT_EMIT_LOC_STRINGS = YES;
				SWIFT_VERSION = 5.0;
			};
			name = Debug;
		};
		7FB3ED582B60DCBC009FB8A0 /* Release */ = {
			isa = XCBuildConfiguration;
			buildSettings = {
				ASSETCATALOG_COMPILER_APPICON_NAME = AppIcon;
				ASSETCATALOG_COMPILER_GLOBAL_ACCENT_COLOR_NAME = AccentColor;
				ASSETCATALOG_COMPILER_INCLUDE_ALL_APPICON_ASSETS = YES;
				CODE_SIGN_ENTITLEMENTS = PowerScore/PowerScore.entitlements;
				CODE_SIGN_STYLE = Automatic;
				COMBINE_HIDPI_IMAGES = YES;
				CURRENT_PROJECT_VERSION = 1;
				DEAD_CODE_STRIPPING = YES;
				DEVELOPMENT_ASSET_PATHS = "\"PowerScore/Preview Content\"";
				DEVELOPMENT_TEAM = PB77JD4FUV;
				ENABLE_HARDENED_RUNTIME = YES;
				ENABLE_PREVIEWS = YES;
				GENERATE_INFOPLIST_FILE = YES;
				INFOPLIST_FILE = PowerScore/Info.plist;
				INFOPLIST_KEY_CFBundleDisplayName = "Okså";
				INFOPLIST_KEY_LSApplicationCategoryType = "public.app-category.entertainment";
				INFOPLIST_KEY_NSHumanReadableCopyright = "";
				LD_RUNPATH_SEARCH_PATHS = (
					"$(inherited)",
					"@executable_path/../Frameworks",
				);
				MACOSX_DEPLOYMENT_TARGET = 15.0;
				MARKETING_VERSION = 0.3;
				PRODUCT_BUNDLE_IDENTIFIER = Shalyutov.PowerScore;
				PRODUCT_NAME = "$(TARGET_NAME)";
				SWIFT_EMIT_LOC_STRINGS = YES;
				SWIFT_VERSION = 5.0;
			};
			name = Release;
		};
/* End XCBuildConfiguration section */

/* Begin XCConfigurationList section */
		7FB3ED402B60DCBB009FB8A0 /* Build configuration list for PBXProject "PowerScore" */ = {
			isa = XCConfigurationList;
			buildConfigurations = (
				7FB3ED542B60DCBC009FB8A0 /* Debug */,
				7FB3ED552B60DCBC009FB8A0 /* Release */,
			);
			defaultConfigurationIsVisible = 0;
			defaultConfigurationName = Release;
		};
		7FB3ED562B60DCBC009FB8A0 /* Build configuration list for PBXNativeTarget "PowerScore" */ = {
			isa = XCConfigurationList;
			buildConfigurations = (
				7FB3ED572B60DCBC009FB8A0 /* Debug */,
				7FB3ED582B60DCBC009FB8A0 /* Release */,
			);
			defaultConfigurationIsVisible = 0;
			defaultConfigurationName = Release;
		};
/* End XCConfigurationList section */

/* Begin XCRemoteSwiftPackageReference section */
		7F25EE562B8A53760042FA93 /* XCRemoteSwiftPackageReference "AnimateNumberText" */ = {
			isa = XCRemoteSwiftPackageReference;
			repositoryURL = "https://github.com/swift-man/AnimateNumberText";
			requirement = {
				kind = upToNextMajorVersion;
				minimumVersion = 0.5.0;
			};
		};
/* End XCRemoteSwiftPackageReference section */

/* Begin XCSwiftPackageProductDependency section */
		7F53F17F2B9A2CD700984E17 /* AnimateNumberText */ = {
			isa = XCSwiftPackageProductDependency;
			package = 7F25EE562B8A53760042FA93 /* XCRemoteSwiftPackageReference "AnimateNumberText" */;
			productName = AnimateNumberText;
		};
/* End XCSwiftPackageProductDependency section */
	};
	rootObject = 7FB3ED3D2B60DCBB009FB8A0 /* Project object */;
}
